{
  "name": "github-nvim-theme",
  "lockfileVersion": 3,
  "requires": true,
  "packages": {
    "": {
      "name": "github-nvim-theme",
      "dependencies": {
        "@primer/primitives": "^7.15.13"
      }
    },
    "node_modules/@primer/primitives": {
      "version": "7.15.13",
      "resolved": "https://registry.npmjs.org/@primer/primitives/-/primitives-7.15.13.tgz",
      "integrity": "sha512-A28C4Wsfd0mO72YeWYGwYbh48/IkaYEKaLasLZUnTyc/NO6gwHIOMyUo+Aqc41bM4U9WU820FjqPf+hHqiTBbQ=="
    }
  }
}
